{
  "name": "aboutBall",
  "version": "1.0.0",
  "lockfileVersion": 3,
  "requires": true,
  "packages": {
    "": {
      "name": "aboutBall",
      "version": "1.0.0",
      "license": "ISC",
      "dependencies": {
        "@vant/area-data": "^1.4.0",
        "@vant/weapp": "^1.10.5"
      }
    },
    "node_modules/@vant/area-data": {
      "version": "1.4.0",
      "resolved": "https://registry.npmmirror.com/@vant/area-data/-/area-data-1.4.0.tgz",
      "integrity": "sha512-XS+BZJPplK20qX+yoC3jvDTYq90Hzrz6pRZr2ASNH8pgddXNYqjLvhyl4cm6VHJ/OK/59NnoxkO1qU1PEiIvDw=="
    },
    "node_modules/@vant/weapp": {
      "version": "1.10.5",
      "resolved": "https://registry.npmmirror.com/@vant/weapp/-/weapp-1.10.5.tgz",
      "integrity": "sha512-bAHp9r0ZiRsOqPOLzQHI/ZvkAlXzol1/TFhM70MyghuxkzJTjcDUd8RIfLkCN3c1MCK/PfBGw2an8/afygftCg=="
    }
  }
}
